
Microsoft Visual Studio Solution File, Format Version 12.00
# Visual Studio Version 17
VisualStudioVersion = 17.3.32819.101
MinimumVisualStudioVersion = 10.0.40219.1
Project("{FAE04EC0-301F-11D3-BF4B-00C04F79EFBC}") = "LeeChatServer", "LeeChatServer\LeeChatServer.csproj", "{63F86D0A-5B83-4D4D-8918-43D94A32F197}"
EndProject
Global
	GlobalSection(SolutionConfigurationPlatforms) = preSolution
		Debug|Any CPU = Debug|Any CPU
		Release|Any CPU = Release|Any CPU
	EndGlobalSection
	GlobalSection(ProjectConfigurationPlatforms) = postSolution
		{63F86D0A-5B83-4D4D-8918-43D94A32F197}.Debug|Any CPU.ActiveCfg = Debug|Any CPU
		{63F86D0A-5B83-4D4D-8918-43D94A32F197}.Debug|Any CPU.Build.0 = Debug|Any CPU
		{63F86D0A-5B83-4D4D-8918-43D94A32F197}.Release|Any CPU.ActiveCfg = Release|Any CPU
		{63F86D0A-5B83-4D4D-8918-43D94A32F197}.Release|Any CPU.Build.0 = Release|Any CPU
	EndGlobalSection
	GlobalSection(SolutionProperties) = preSolution
		HideSolutionNode = FALSE
	EndGlobalSection
	GlobalSection(ExtensibilityGlobals) = postSolution
		SolutionGuid = {76076591-D321-45B9-8851-4965CEF65739}
	EndGlobalSection
EndGlobal
